
Microsoft Visual Studio Solution File, Format Version 12.00
# Visual Studio 2013
VisualStudioVersion = 12.0.21005.1
MinimumVisualStudioVersion = 10.0.40219.1
Project("{FAE04EC0-301F-11D3-BF4B-00C04F79EFBC}") = "Service", "Service.csproj", "{B46BE7C7-4DBC-43EA-BA27-53CACCE60703}"
EndProject
Project("{FAE04EC0-301F-11D3-BF4B-00C04F79EFBC}") = "Client", "..\Client\Client.csproj", "{C356E884-7700-4273-B60A-E6D1FB041FAE}"
EndProject
Global
	GlobalSection(SolutionConfigurationPlatforms) = preSolution
		Debug|Any CPU = Debug|Any CPU
		Release|Any CPU = Release|Any CPU
	EndGlobalSection
	GlobalSection(ProjectConfigurationPlatforms) = postSolution
		{B46BE7C7-4DBC-43EA-BA27-53CACCE60703}.Debug|Any CPU.ActiveCfg = Debug|Any CPU
		{B46BE7C7-4DBC-43EA-BA27-53CACCE60703}.Debug|Any CPU.Build.0 = Debug|Any CPU
		{B46BE7C7-4DBC-43EA-BA27-53CACCE60703}.Release|Any CPU.ActiveCfg = Release|Any CPU
		{B46BE7C7-4DBC-43EA-BA27-53CACCE60703}.Release|Any CPU.Build.0 = Release|Any CPU
		{C356E884-7700-4273-B60A-E6D1FB041FAE}.Debug|Any CPU.ActiveCfg = Debug|Any CPU
		{C356E884-7700-4273-B60A-E6D1FB041FAE}.Debug|Any CPU.Build.0 = Debug|Any CPU
		{C356E884-7700-4273-B60A-E6D1FB041FAE}.Release|Any CPU.ActiveCfg = Release|Any CPU
		{C356E884-7700-4273-B60A-E6D1FB041FAE}.Release|Any CPU.Build.0 = Release|Any CPU
	EndGlobalSection
	GlobalSection(SolutionProperties) = preSolution
		HideSolutionNode = FALSE
	EndGlobalSection
EndGlobal
